
Microsoft Visual Studio Solution File, Format Version 12.00
# Visual Studio Version 17
VisualStudioVersion = 17.2.32630.192
MinimumVisualStudioVersion = 10.0.40219.1
Project("{FAE04EC0-301F-11D3-BF4B-00C04F79EFBC}") = "TheOOPAssignment", "TheOOPAssignment\TheOOPAssignment.csproj", "{F9073E21-729F-41DC-919F-32DAFB5006E8}"
EndProject
Global
	GlobalSection(SolutionConfigurationPlatforms) = preSolution
		Debug|Any CPU = Debug|Any CPU
		Release|Any CPU = Release|Any CPU
	EndGlobalSection
	GlobalSection(ProjectConfigurationPlatforms) = postSolution
		{F9073E21-729F-41DC-919F-32DAFB5006E8}.Debug|Any CPU.ActiveCfg = Debug|Any CPU
		{F9073E21-729F-41DC-919F-32DAFB5006E8}.Debug|Any CPU.Build.0 = Debug|Any CPU
		{F9073E21-729F-41DC-919F-32DAFB5006E8}.Release|Any CPU.ActiveCfg = Release|Any CPU
		{F9073E21-729F-41DC-919F-32DAFB5006E8}.Release|Any CPU.Build.0 = Release|Any CPU
	EndGlobalSection
	GlobalSection(SolutionProperties) = preSolution
		HideSolutionNode = FALSE
	EndGlobalSection
	GlobalSection(ExtensibilityGlobals) = postSolution
		SolutionGuid = {C239C806-A10E-43CD-B48E-E0428EA66F7D}
	EndGlobalSection
EndGlobal
